// !$*UTF8*$!
{
	archiveVersion = 1;
	classes = {
	};
	objectVersion = 56;
	objects = {

/* Begin PBXBuildFile section */
		9153BAC32C18EBF100F64350 /* fructusApp.swift in Sources */ = {isa = PBXBuildFile; fileRef = 9153BAC22C18EBF100F64350 /* fructusApp.swift */; };
		9153BAC52C18EBF100F64350 /* ContentView.swift in Sources */ = {isa = PBXBuildFile; fileRef = 9153BAC42C18EBF100F64350 /* ContentView.swift */; };
		9153BAC72C18EBF300F64350 /* Assets.xcassets in Resources */ = {isa = PBXBuildFile; fileRef = 9153BAC62C18EBF300F64350 /* Assets.xcassets */; };
		9153BACA2C18EBF300F64350 /* Preview Assets.xcassets in Resources */ = {isa = PBXBuildFile; fileRef = 9153BAC92C18EBF300F64350 /* Preview Assets.xcassets */; };
		917C56592C196CCF0022DCE4 /* FruitCardIView.swift in Sources */ = {isa = PBXBuildFile; fileRef = 917C56582C196CCF0022DCE4 /* FruitCardIView.swift */; };
		917C565B2C1A4B390022DCE4 /* StartButtonView.swift in Sources */ = {isa = PBXBuildFile; fileRef = 917C565A2C1A4B390022DCE4 /* StartButtonView.swift */; };
		917C565D2C1A542A0022DCE4 /* OnboardingView.swift in Sources */ = {isa = PBXBuildFile; fileRef = 917C565C2C1A542A0022DCE4 /* OnboardingView.swift */; };
		917C56602C1A78E20022DCE4 /* FruitModel.swift in Sources */ = {isa = PBXBuildFile; fileRef = 917C565F2C1A78E20022DCE4 /* FruitModel.swift */; };
		917C56632C1A7E6D0022DCE4 /* FruitData.swift in Sources */ = {isa = PBXBuildFile; fileRef = 917C56622C1A7E6D0022DCE4 /* FruitData.swift */; };
/* End PBXBuildFile section */

/* Begin PBXFileReference section */
		9153BABF2C18EBF100F64350 /* fructus.app */ = {isa = PBXFileReference; explicitFileType = wrapper.application; includeInIndex = 0; path = fructus.app; sourceTree = BUILT_PRODUCTS_DIR; };
		9153BAC22C18EBF100F64350 /* fructusApp.swift */ = {isa = PBXFileReference; lastKnownFileType = sourcecode.swift; path = fructusApp.swift; sourceTree = "<group>"; };
		9153BAC42C18EBF100F64350 /* ContentView.swift */ = {isa = PBXFileReference; lastKnownFileType = sourcecode.swift; path = ContentView.swift; sourceTree = "<group>"; };
		9153BAC62C18EBF300F64350 /* Assets.xcassets */ = {isa = PBXFileReference; lastKnownFileType = folder.assetcatalog; path = Assets.xcassets; sourceTree = "<group>"; };
		9153BAC92C18EBF300F64350 /* Preview Assets.xcassets */ = {isa = PBXFileReference; lastKnownFileType = folder.assetcatalog; path = "Preview Assets.xcassets"; sourceTree = "<group>"; };
		917C56582C196CCF0022DCE4 /* FruitCardIView.swift */ = {isa = PBXFileReference; lastKnownFileType = sourcecode.swift; path = FruitCardIView.swift; sourceTree = "<group>"; };
		917C565A2C1A4B390022DCE4 /* StartButtonView.swift */ = {isa = PBXFileReference; lastKnownFileType = sourcecode.swift; path = StartButtonView.swift; sourceTree = "<group>"; };
		917C565C2C1A542A0022DCE4 /* OnboardingView.swift */ = {isa = PBXFileReference; lastKnownFileType = sourcecode.swift; path = OnboardingView.swift; sourceTree = "<group>"; };
		917C565F2C1A78E20022DCE4 /* FruitModel.swift */ = {isa = PBXFileReference; lastKnownFileType = sourcecode.swift; path = FruitModel.swift; sourceTree = "<group>"; };
		917C56622C1A7E6D0022DCE4 /* FruitData.swift */ = {isa = PBXFileReference; lastKnownFileType = sourcecode.swift; path = FruitData.swift; sourceTree = "<group>"; };
/* End PBXFileReference section */

/* Begin PBXFrameworksBuildPhase section */
		9153BABC2C18EBF100F64350 /* Frameworks */ = {
			isa = PBXFrameworksBuildPhase;
			buildActionMask = 2147483647;
			files = (
			);
			runOnlyForDeploymentPostprocessing = 0;
		};
/* End PBXFrameworksBuildPhase section */

/* Begin PBXGroup section */
		9153BAB62C18EBF100F64350 = {
			isa = PBXGroup;
			children = (
				9153BAC12C18EBF100F64350 /* fructus */,
				9153BAC02C18EBF100F64350 /* Products */,
			);
			sourceTree = "<group>";
		};
		9153BAC02C18EBF100F64350 /* Products */ = {
			isa = PBXGroup;
			children = (
				9153BABF2C18EBF100F64350 /* fructus.app */,
			);
			name = Products;
			sourceTree = "<group>";
		};
		9153BAC12C18EBF100F64350 /* fructus */ = {
			isa = PBXGroup;
			children = (
				917C56612C1A7E530022DCE4 /* Data */,
				917C565E2C1A78BD0022DCE4 /* Model */,
				917C56552C196C200022DCE4 /* View */,
				917C56542C196B710022DCE4 /* App */,
				9153BAC62C18EBF300F64350 /* Assets.xcassets */,
				9153BAC82C18EBF300F64350 /* Preview Content */,
			);
			path = fructus;
			sourceTree = "<group>";
		};
		9153BAC82C18EBF300F64350 /* Preview Content */ = {
			isa = PBXGroup;
			children = (
				9153BAC92C18EBF300F64350 /* Preview Assets.xcassets */,
			);
			path = "Preview Content";
			sourceTree = "<group>";
		};
		917C56542C196B710022DCE4 /* App */ = {
			isa = PBXGroup;
			children = (
				9153BAC42C18EBF100F64350 /* ContentView.swift */,
				9153BAC22C18EBF100F64350 /* fructusApp.swift */,
				917C565C2C1A542A0022DCE4 /* OnboardingView.swift */,
			);
			path = App;
			sourceTree = "<group>";
		};
		917C56552C196C200022DCE4 /* View */ = {
			isa = PBXGroup;
			children = (
				917C56582C196CCF0022DCE4 /* FruitCardIView.swift */,
				917C565A2C1A4B390022DCE4 /* StartButtonView.swift */,
			);
			path = View;
			sourceTree = "<group>";
		};
		917C565E2C1A78BD0022DCE4 /* Model */ = {
			isa = PBXGroup;
			children = (
				917C565F2C1A78E20022DCE4 /* FruitModel.swift */,
			);
			path = Model;
			sourceTree = "<group>";
		};
		917C56612C1A7E530022DCE4 /* Data */ = {
			isa = PBXGroup;
			children = (
				917C56622C1A7E6D0022DCE4 /* FruitData.swift */,
			);
			path = Data;
			sourceTree = "<group>";
		};
/* End PBXGroup section */

/* Begin PBXNativeTarget section */
		9153BABE2C18EBF100F64350 /* fructus */ = {
			isa = PBXNativeTarget;
			buildConfigurationList = 9153BACD2C18EBF300F64350 /* Build configuration list for PBXNativeTarget "fructus" */;
			buildPhases = (
				9153BABB2C18EBF100F64350 /* Sources */,
				9153BABC2C18EBF100F64350 /* Frameworks */,
				9153BABD2C18EBF100F64350 /* Resources */,
			);
			buildRules = (
			);
			dependencies = (
			);
			name = fructus;
			productName = fructus;
			productReference = 9153BABF2C18EBF100F64350 /* fructus.app */;
			productType = "com.apple.product-type.application";
		};
/* End PBXNativeTarget section */

/* Begin PBXProject section */
		9153BAB72C18EBF100F64350 /* Project object */ = {
			isa = PBXProject;
			attributes = {
				BuildIndependentTargetsInParallel = 1;
				LastSwiftUpdateCheck = 1540;
				LastUpgradeCheck = 1540;
				TargetAttributes = {
					9153BABE2C18EBF100F64350 = {
						CreatedOnToolsVersion = 15.4;
					};
				};
			};
			buildConfigurationList = 9153BABA2C18EBF100F64350 /* Build configuration list for PBXProject "fructus" */;
			compatibilityVersion = "Xcode 14.0";
			developmentRegion = en;
			hasScannedForEncodings = 0;
			knownRegions = (
				en,
				Base,
			);
			mainGroup = 9153BAB62C18EBF100F64350;
			productRefGroup = 9153BAC02C18EBF100F64350 /* Products */;
			projectDirPath = "";
			projectRoot = "";
			targets = (
				9153BABE2C18EBF100F64350 /* fructus */,
			);
		};
/* End PBXProject section */

/* Begin PBXResourcesBuildPhase section */
		9153BABD2C18EBF100F64350 /* Resources */ = {
			isa = PBXResourcesBuildPhase;
			buildActionMask = 2147483647;
			files = (
				9153BACA2C18EBF300F64350 /* Preview Assets.xcassets in Resources */,
				9153BAC72C18EBF300F64350 /* Assets.xcassets in Resources */,
			);
			runOnlyForDeploymentPostprocessing = 0;
		};
/* End PBXResourcesBuildPhase section */

/* Begin PBXSourcesBuildPhase section */
		9153BABB2C18EBF100F64350 /* Sources */ = {
			isa = PBXSourcesBuildPhase;
			buildActionMask = 2147483647;
			files = (
				917C56632C1A7E6D0022DCE4 /* FruitData.swift in Sources */,
				917C56592C196CCF0022DCE4 /* FruitCardIView.swift in Sources */,
				917C565B2C1A4B390022DCE4 /* StartButtonView.swift in Sources */,
				9153BAC52C18EBF100F64350 /* ContentView.swift in Sources */,
				917C565D2C1A542A0022DCE4 /* OnboardingView.swift in Sources */,
				917C56602C1A78E20022DCE4 /* FruitModel.swift in Sources */,
				9153BAC32C18EBF100F64350 /* fructusApp.swift in Sources */,
			);
			runOnlyForDeploymentPostprocessing = 0;
		};
/* End PBXSourcesBuildPhase section */

/* Begin XCBuildConfiguration section */
		9153BACB2C18EBF300F64350 /* Debug */ = {
			isa = XCBuildConfiguration;
			buildSettings = {
				ALWAYS_SEARCH_USER_PATHS = NO;
				ASSETCATALOG_COMPILER_GENERATE_SWIFT_ASSET_SYMBOL_EXTENSIONS = YES;
				CLANG_ANALYZER_NONNULL = YES;
				CLANG_ANALYZER_NUMBER_OBJECT_CONVERSION = YES_AGGRESSIVE;
				CLANG_CXX_LANGUAGE_STANDARD = "gnu++20";
				CLANG_ENABLE_MODULES = YES;
				CLANG_ENABLE_OBJC_ARC = YES;
				CLANG_ENABLE_OBJC_WEAK = YES;
				CLANG_WARN_BLOCK_CAPTURE_AUTORELEASING = YES;
				CLANG_WARN_BOOL_CONVERSION = YES;
				CLANG_WARN_COMMA = YES;
				CLANG_WARN_CONSTANT_CONVERSION = YES;
				CLANG_WARN_DEPRECATED_OBJC_IMPLEMENTATIONS = YES;
				CLANG_WARN_DIRECT_OBJC_ISA_USAGE = YES_ERROR;
				CLANG_WARN_DOCUMENTATION_COMMENTS = YES;
				CLANG_WARN_EMPTY_BODY = YES;
				CLANG_WARN_ENUM_CONVERSION = YES;
				CLANG_WARN_INFINITE_RECURSION = YES;
				CLANG_WARN_INT_CONVERSION = YES;
				CLANG_WARN_NON_LITERAL_NULL_CONVERSION = YES;
				CLANG_WARN_OBJC_IMPLICIT_RETAIN_SELF = YES;
				CLANG_WARN_OBJC_LITERAL_CONVERSION = YES;
				CLANG_WARN_OBJC_ROOT_CLASS = YES_ERROR;
				CLANG_WARN_QUOTED_INCLUDE_IN_FRAMEWORK_HEADER = YES;
				CLANG_WARN_RANGE_LOOP_ANALYSIS = YES;
				CLANG_WARN_STRICT_PROTOTYPES = YES;
				CLANG_WARN_SUSPICIOUS_MOVE = YES;
				CLANG_WARN_UNGUARDED_AVAILABILITY = YES_AGGRESSIVE;
				CLANG_WARN_UNREACHABLE_CODE = YES;
				CLANG_WARN__DUPLICATE_METHOD_MATCH = YES;
				COPY_PHASE_STRIP = NO;
				DEBUG_INFORMATION_FORMAT = dwarf;
				ENABLE_STRICT_OBJC_MSGSEND = YES;
				ENABLE_TESTABILITY = YES;
				ENABLE_USER_SCRIPT_SANDBOXING = YES;
				GCC_C_LANGUAGE_STANDARD = gnu17;
				GCC_DYNAMIC_NO_PIC = NO;
				GCC_NO_COMMON_BLOCKS = YES;
				GCC_OPTIMIZATION_LEVEL = 0;
				GCC_PREPROCESSOR_DEFINITIONS = (
					"DEBUG=1",
					"$(inherited)",
				);
				GCC_WARN_64_TO_32_BIT_CONVERSION = YES;
				GCC_WARN_ABOUT_RETURN_TYPE = YES_ERROR;
				GCC_WARN_UNDECLARED_SELECTOR = YES;
				GCC_WARN_UNINITIALIZED_AUTOS = YES_AGGRESSIVE;
				GCC_WARN_UNUSED_FUNCTION = YES;
				GCC_WARN_UNUSED_VARIABLE = YES;
				IPHONEOS_DEPLOYMENT_TARGET = 17.5;
				LOCALIZATION_PREFERS_STRING_CATALOGS = YES;
				MTL_ENABLE_DEBUG_INFO = INCLUDE_SOURCE;
				MTL_FAST_MATH = YES;
				ONLY_ACTIVE_ARCH = YES;
				SDKROOT = iphoneos;
				SWIFT_ACTIVE_COMPILATION_CONDITIONS = "DEBUG $(inherited)";
				SWIFT_OPTIMIZATION_LEVEL = "-Onone";
			};
			name = Debug;
		};
		9153BACC2C18EBF300F64350 /* Release */ = {
			isa = XCBuildConfiguration;
			buildSettings = {
				ALWAYS_SEARCH_USER_PATHS = NO;
				ASSETCATALOG_COMPILER_GENERATE_SWIFT_ASSET_SYMBOL_EXTENSIONS = YES;
				CLANG_ANALYZER_NONNULL = YES;
				CLANG_ANALYZER_NUMBER_OBJECT_CONVERSION = YES_AGGRESSIVE;
				CLANG_CXX_LANGUAGE_STANDARD = "gnu++20";
				CLANG_ENABLE_MODULES = YES;
				CLANG_ENABLE_OBJC_ARC = YES;
				CLANG_ENABLE_OBJC_WEAK = YES;
				CLANG_WARN_BLOCK_CAPTURE_AUTORELEASING = YES;
				CLANG_WARN_BOOL_CONVERSION = YES;
				CLANG_WARN_COMMA = YES;
				CLANG_WARN_CONSTANT_CONVERSION = YES;
				CLANG_WARN_DEPRECATED_OBJC_IMPLEMENTATIONS = YES;
				CLANG_WARN_DIRECT_OBJC_ISA_USAGE = YES_ERROR;
				CLANG_WARN_DOCUMENTATION_COMMENTS = YES;
				CLANG_WARN_EMPTY_BODY = YES;
				CLANG_WARN_ENUM_CONVERSION = YES;
				CLANG_WARN_INFINITE_RECURSION = YES;
				CLANG_WARN_INT_CONVERSION = YES;
				CLANG_WARN_NON_LITERAL_NULL_CONVERSION = YES;
				CLANG_WARN_OBJC_IMPLICIT_RETAIN_SELF = YES;
				CLANG_WARN_OBJC_LITERAL_CONVERSION = YES;
				CLANG_WARN_OBJC_ROOT_CLASS = YES_ERROR;
				CLANG_WARN_QUOTED_INCLUDE_IN_FRAMEWORK_HEADER = YES;
				CLANG_WARN_RANGE_LOOP_ANALYSIS = YES;
				CLANG_WARN_STRICT_PROTOTYPES = YES;
				CLANG_WARN_SUSPICIOUS_MOVE = YES;
				CLANG_WARN_UNGUARDED_AVAILABILITY = YES_AGGRESSIVE;
				CLANG_WARN_UNREACHABLE_CODE = YES;
				CLANG_WARN__DUPLICATE_METHOD_MATCH = YES;
				COPY_PHASE_STRIP = NO;
				DEBUG_INFORMATION_FORMAT = "dwarf-with-dsym";
				ENABLE_NS_ASSERTIONS = NO;
				ENABLE_STRICT_OBJC_MSGSEND = YES;
				ENABLE_USER_SCRIPT_SANDBOXING = YES;
				GCC_C_LANGUAGE_STANDARD = gnu17;
				GCC_NO_COMMON_BLOCKS = YES;
				GCC_WARN_64_TO_32_BIT_CONVERSION = YES;
				GCC_WARN_ABOUT_RETURN_TYPE = YES_ERROR;
				GCC_WARN_UNDECLARED_SELECTOR = YES;
				GCC_WARN_UNINITIALIZED_AUTOS = YES_AGGRESSIVE;
				GCC_WARN_UNUSED_FUNCTION = YES;
				GCC_WARN_UNUSED_VARIABLE = YES;
				IPHONEOS_DEPLOYMENT_TARGET = 17.5;
				LOCALIZATION_PREFERS_STRING_CATALOGS = YES;
				MTL_ENABLE_DEBUG_INFO = NO;
				MTL_FAST_MATH = YES;
				SDKROOT = iphoneos;
				SWIFT_COMPILATION_MODE = wholemodule;
				VALIDATE_PRODUCT = YES;
			};
			name = Release;
		};
		9153BACE2C18EBF300F64350 /* Debug */ = {
			isa = XCBuildConfiguration;
			buildSettings = {
				ASSETCATALOG_COMPILER_APPICON_NAME = AppIcon;
				ASSETCATALOG_COMPILER_GLOBAL_ACCENT_COLOR_NAME = AccentColor;
				CODE_SIGN_STYLE = Automatic;
				CURRENT_PROJECT_VERSION = 1;
				DEVELOPMENT_ASSET_PATHS = "\"fructus/Preview Content\"";
				DEVELOPMENT_TEAM = 2592A64H8A;
				ENABLE_PREVIEWS = YES;
				GENERATE_INFOPLIST_FILE = YES;
				INFOPLIST_KEY_UIApplicationSceneManifest_Generation = YES;
				INFOPLIST_KEY_UIApplicationSupportsIndirectInputEvents = YES;
				INFOPLIST_KEY_UILaunchScreen_Generation = YES;
				INFOPLIST_KEY_UISupportedInterfaceOrientations = "UIInterfaceOrientationLandscapeLeft UIInterfaceOrientationLandscapeRight UIInterfaceOrientationPortrait";
				INFOPLIST_KEY_UISupportedInterfaceOrientations_iPad = "UIInterfaceOrientationPortrait UIInterfaceOrientationPortraitUpsideDown";
				LD_RUNPATH_SEARCH_PATHS = (
					"$(inherited)",
					"@executable_path/Frameworks",
				);
				MARKETING_VERSION = 1.0;
				PRODUCT_BUNDLE_IDENTIFIER = co.douglassilva.fructus;
				PRODUCT_NAME = "$(TARGET_NAME)";
				SWIFT_EMIT_LOC_STRINGS = YES;
				SWIFT_VERSION = 5.0;
				TARGETED_DEVICE_FAMILY = "1,2";
			};
			name = Debug;
		};
		9153BACF2C18EBF300F64350 /* Release */ = {
			isa = XCBuildConfiguration;
			buildSettings = {
				ASSETCATALOG_COMPILER_APPICON_NAME = AppIcon;
				ASSETCATALOG_COMPILER_GLOBAL_ACCENT_COLOR_NAME = AccentColor;
				CODE_SIGN_STYLE = Automatic;
				CURRENT_PROJECT_VERSION = 1;
				DEVELOPMENT_ASSET_PATHS = "\"fructus/Preview Content\"";
				DEVELOPMENT_TEAM = 2592A64H8A;
				ENABLE_PREVIEWS = YES;
				GENERATE_INFOPLIST_FILE = YES;
				INFOPLIST_KEY_UIApplicationSceneManifest_Generation = YES;
				INFOPLIST_KEY_UIApplicationSupportsIndirectInputEvents = YES;
				INFOPLIST_KEY_UILaunchScreen_Generation = YES;
				INFOPLIST_KEY_UISupportedInterfaceOrientations = "UIInterfaceOrientationLandscapeLeft UIInterfaceOrientationLandscapeRight UIInterfaceOrientationPortrait";
				INFOPLIST_KEY_UISupportedInterfaceOrientations_iPad = "UIInterfaceOrientationPortrait UIInterfaceOrientationPortraitUpsideDown";
				LD_RUNPATH_SEARCH_PATHS = (
					"$(inherited)",
					"@executable_path/Frameworks",
				);
				MARKETING_VERSION = 1.0;
				PRODUCT_BUNDLE_IDENTIFIER = co.douglassilva.fructus;
				PRODUCT_NAME = "$(TARGET_NAME)";
				SWIFT_EMIT_LOC_STRINGS = YES;
				SWIFT_VERSION = 5.0;
				TARGETED_DEVICE_FAMILY = "1,2";
			};
			name = Release;
		};
/* End XCBuildConfiguration section */

/* Begin XCConfigurationList section */
		9153BABA2C18EBF100F64350 /* Build configuration list for PBXProject "fructus" */ = {
			isa = XCConfigurationList;
			buildConfigurations = (
				9153BACB2C18EBF300F64350 /* Debug */,
				9153BACC2C18EBF300F64350 /* Release */,
			);
			defaultConfigurationIsVisible = 0;
			defaultConfigurationName = Release;
		};
		9153BACD2C18EBF300F64350 /* Build configuration list for PBXNativeTarget "fructus" */ = {
			isa = XCConfigurationList;
			buildConfigurations = (
				9153BACE2C18EBF300F64350 /* Debug */,
				9153BACF2C18EBF300F64350 /* Release */,
			);
			defaultConfigurationIsVisible = 0;
			defaultConfigurationName = Release;
		};
/* End XCConfigurationList section */
	};
	rootObject = 9153BAB72C18EBF100F64350 /* Project object */;
}
